{
  "name": "source-patching",
  "version": "1.0.0",
  "lockfileVersion": 1,
  "requires": true,
  "dependencies": {
    "custom-hello-world": {
      "version": "1.0.3",
      "resolved": "https://registry.npmjs.org/custom-hello-world/-/custom-hello-world-1.0.3.tgz",
      "integrity": "sha512-Rinkq1q+uLmgbDLZRNZrlyeK3G9e+o0gbVy6r948kySbau0ymwOPNybu4iIkb4R1gE5aZsQUHgtfCg2oZ4zfbw=="
    }
  }
}
