{
  "name": "nested-dependencies",
  "version": "1.0.0",
  "lockfileVersion": 1,
  "requires": true,
  "dependencies": {
    "rxjs": {
      "version": "6.6.0",
      "resolved": "https://registry.npmjs.org/rxjs/-/rxjs-6.6.0.tgz",
      "integrity": "sha512-3HMA8z/Oz61DUHe+SdOiQyzIf4tOx5oQHmMir7IZEu6TMqCLHT4LRcmNaUS0NwOz8VLvmmBduMsoaUvMaIiqzg==",
      "requires": {
        "tslib": "^1.9.0"
      },
      "dependencies": {
        "tslib": {
          "version": "1.13.0",
          "resolved": "https://registry.npmjs.org/tslib/-/tslib-1.13.0.tgz",
          "integrity": "sha512-i/6DQjL8Xf3be4K/E6Wgpekn5Qasl1usyw++dAA35Ue5orEn65VIxOA+YvNNl9HV3qv70T7CNwjODHZrLwvd1Q=="
        }
      }
    },
    "tslib": {
      "version": "1.7.0",
      "resolved": "https://registry.npmjs.org/tslib/-/tslib-1.7.0.tgz",
      "integrity": "sha1-boNmaV9ylhJSs1FnsN1Pvur7pJE="
    }
  }
}
