{
  "name": "main-project",
  "version": "1.0.0",
  "lockfileVersion": 2,
  "requires": true,
  "packages": {
    "": {
      "name": "main-project",
      "version": "1.0.0",
      "dependencies": {
        "linked-project": "file:../linked-project"
      }
    },
    "../linked-project": {
      "version": "1.0.0"
    },
    "node_modules/linked-project": {
      "resolved": "../linked-project",
      "link": true
    }
  },
  "dependencies": {
    "linked-project": {
      "version": "file:../linked-project"
    }
  }
}
