{
  "name": "url-as-version",
  "version": "1.0.0",
  "lockfileVersion": 2,
  "requires": true,
  "packages": {
    "": {
      "name": "url-as-version",
      "version": "1.0.0",
      "license": "ISC",
      "dependencies": {
        "@matrix-org/olm": "https://gitlab.matrix.org/api/v4/projects/27/packages/npm/@matrix-org/olm/-/@matrix-org/olm-3.2.4.tgz"
      }
    },
    "node_modules/@matrix-org/olm": {
      "version": "3.2.4",
      "resolved": "https://gitlab.matrix.org/api/v4/projects/27/packages/npm/@matrix-org/olm/-/@matrix-org/olm-3.2.4.tgz",
      "integrity": "sha512-ddaXWILlm1U0Z9qpcZffJjBFZRpz/GxQ1n/Qth3xKvYRUbniuPOgftNTDaxkEC4h04uJG5Ls/OdI1YJUyfuRzQ==",
      "license": "Apache-2.0"
    }
  },
  "dependencies": {
    "@matrix-org/olm": {
      "version": "https://gitlab.matrix.org/api/v4/projects/27/packages/npm/@matrix-org/olm/-/@matrix-org/olm-3.2.4.tgz",
      "integrity": "sha512-ddaXWILlm1U0Z9qpcZffJjBFZRpz/GxQ1n/Qth3xKvYRUbniuPOgftNTDaxkEC4h04uJG5Ls/OdI1YJUyfuRzQ=="
    }
  }
}
