{
  "name": "github-dependency",
  "version": "1.0.0",
  "lockfileVersion": 2,
  "requires": true,
  "packages": {
    "": {
      "name": "github-dependency",
      "version": "1.0.0",
      "license": "ISC",
      "dependencies": {
        "leftpad": "github:tmcw/leftpad#v0.0.1"
      }
    },
    "node_modules/leftpad": {
      "version": "0.0.1",
      "resolved": "git+ssh://git@github.com/tmcw/leftpad.git#db1442a0556c2b133627ffebf455a78a1ced64b9",
      "license": "BSD-3-Clause"
    }
  },
  "dependencies": {
    "leftpad": {
      "version": "git+ssh://git@github.com/tmcw/leftpad.git#db1442a0556c2b133627ffebf455a78a1ced64b9",
      "from": "leftpad@github:tmcw/leftpad#v0.0.1"
    }
  }
}
