{
  "name": "source-patching",
  "version": "1.0.0",
  "lockfileVersion": 2,
  "requires": true,
  "packages": {
    "": {
      "name": "source-patching",
      "version": "1.0.0",
      "license": "ISC",
      "dependencies": {
        "custom-hello-world": "^1.0.0"
      }
    },
    "node_modules/custom-hello-world": {
      "version": "1.0.3",
      "resolved": "https://registry.npmjs.org/custom-hello-world/-/custom-hello-world-1.0.3.tgz",
      "integrity": "sha512-Rinkq1q+uLmgbDLZRNZrlyeK3G9e+o0gbVy6r948kySbau0ymwOPNybu4iIkb4R1gE5aZsQUHgtfCg2oZ4zfbw=="
    }
  },
  "dependencies": {
    "custom-hello-world": {
      "version": "1.0.3",
      "resolved": "https://registry.npmjs.org/custom-hello-world/-/custom-hello-world-1.0.3.tgz",
      "integrity": "sha512-Rinkq1q+uLmgbDLZRNZrlyeK3G9e+o0gbVy6r948kySbau0ymwOPNybu4iIkb4R1gE5aZsQUHgtfCg2oZ4zfbw=="
    }
  }
}
