{
  "name": "single-dependency",
  "version": "1.0.0",
  "lockfileVersion": 2,
  "requires": true,
  "packages": {
    "": {
      "name": "single-dependency",
      "version": "1.0.0",
      "license": "ISC",
      "dependencies": {
        "leftpad": "0.0.1"
      }
    },
    "node_modules/leftpad": {
      "version": "0.0.1",
      "resolved": "https://registry.npmjs.org/leftpad/-/leftpad-0.0.1.tgz",
      "integrity": "sha512-kBAuxBQJlJ85LDc+SnGSX6gWJnJR9Qk4lbgXmz/qPfCOCieCk7BgoN3YvzoNr5BUjqxQDOQxawJJvXXd6c+6Mg==",
      "deprecated": "Use the built-in String.padStart function instead"
    }
  },
  "dependencies": {
    "leftpad": {
      "version": "0.0.1",
      "resolved": "https://registry.npmjs.org/leftpad/-/leftpad-0.0.1.tgz",
      "integrity": "sha512-kBAuxBQJlJ85LDc+SnGSX6gWJnJR9Qk4lbgXmz/qPfCOCieCk7BgoN3YvzoNr5BUjqxQDOQxawJJvXXd6c+6Mg=="
    }
  }
}
