{
  "name": "local-dependency",
  "version": "1.0.0",
  "lockfileVersion": 3,
  "requires": true,
  "packages": {
    "": {
      "name": "local-dependency",
      "version": "1.0.0",
      "license": "ISC",
      "dependencies": {
        "leftpad": "../local-leftpad"
      }
    },
    "../local-leftpad": {
      "version": "1.0.0",
      "license": "ISC"
    },
    "node_modules/leftpad": {
      "resolved": "../local-leftpad",
      "link": true
    }
  }
}
