{
  "name": "url-as-version",
  "version": "1.0.0",
  "lockfileVersion": 1,
  "requires": true,
  "dependencies": {
    "@matrix-org/olm": {
      "version": "https://gitlab.matrix.org/api/v4/projects/27/packages/npm/@matrix-org/olm/-/@matrix-org/olm-3.2.4.tgz",
      "integrity": "sha512-ddaXWILlm1U0Z9qpcZffJjBFZRpz/GxQ1n/Qth3xKvYRUbniuPOgftNTDaxkEC4h04uJG5Ls/OdI1YJUyfuRzQ=="
    }
  }
}
